
Microsoft Visual Studio Solution File, Format Version 12.00
# Visual Studio 2012
VisualStudioVersion = 14.0.23107.0
MinimumVisualStudioVersion = 10.0.40219.1

Project("{FAE04EC0-301F-11D3-BF4B-00C04F79EFBC}") = "XamarinCRM.iOS", "XamarinCRM.iOS\XamarinCRM.iOS.csproj", "{6A02ABA0-EE87-4C04-A065-BEF98D7F4E53}"
EndProject
Project("{FAE04EC0-301F-11D3-BF4B-00C04F79EFBC}") = "XamarinCRM", "XamarinCRM\XamarinCRM.csproj", "{458941D2-77A4-4B2C-8520-B6EF75947B09}"
EndProject

Global
	GlobalSection(SolutionConfigurationPlatforms) = preSolution
		Debug|iPhoneSimulator = Debug|iPhoneSimulator
		Release|iPhoneSimulator = Release|iPhoneSimulator
		

	EndGlobalSection
	GlobalSection(ProjectConfigurationPlatforms) = postSolution
			{6A02ABA0-EE87-4C04-A065-BEF98D7F4E53}.Debug|iPhoneSimulator.ActiveCfg = Debug|iPhoneSimulator
			{6A02ABA0-EE87-4C04-A065-BEF98D7F4E53}.Debug|iPhoneSimulator.Build.0 = Debug|iPhoneSimulator
			{6A02ABA0-EE87-4C04-A065-BEF98D7F4E53}.Release|iPhoneSimulator.ActiveCfg = Release|iPhoneSimulator
			{6A02ABA0-EE87-4C04-A065-BEF98D7F4E53}.Release|iPhoneSimulator.Build.0 = Release|iPhoneSimulator
		
		{458941D2-77A4-4B2C-8520-B6EF75947B09}.Debug|iPhoneSimulator.ActiveCfg = Debug|Any CPU
		{458941D2-77A4-4B2C-8520-B6EF75947B09}.Debug|iPhoneSimulator.Build.0 = Debug|Any CPU
		{458941D2-77A4-4B2C-8520-B6EF75947B09}.Release|iPhoneSimulator.ActiveCfg = Release|Any CPU
		{458941D2-77A4-4B2C-8520-B6EF75947B09}.Release|iPhoneSimulator.Build.0 = Release|Any CPU 
    EndGlobalSection
	
	GlobalSection(MonoDevelopProperties) = preSolution
		version = 2.0
	EndGlobalSection
	GlobalSection(SolutionProperties) = preSolution
		HideSolutionNode = FALSE
	EndGlobalSection
EndGlobal
